<?xml version="1.0" encoding="utf-8"?>
<Project ToolsVersion="4.0" xmlns="http://schemas.microsoft.com/developer/msbuild/2003">
  <ItemGroup>
    <Filter Include="Source Files">
      <UniqueIdentifier>{4FC737F1-C7A5-4376-A066-2A32D752A2FF}</UniqueIdentifier>
      <Extensions>cpp;c;cc;cxx;c++;cppm;ixx;def;odl;idl;hpj;bat;asm;asmx</Extensions>
    </Filter>
    <Filter Include="Header Files">
      <UniqueIdentifier>{93995380-89BD-4b04-88EB-625FBE52EBFB}</UniqueIdentifier>
      <Extensions>h;hh;hpp;hxx;h++;hm;inl;inc;ipp;xsd</Extensions>
    </Filter>
    <Filter Include="Resource Files">
      <UniqueIdentifier>{67DA6AB6-F800-4c08-8B7A-83BB121AAD01}</UniqueIdentifier>
      <Extensions>rc;ico;cur;bmp;dlg;rc2;rct;bin;rgs;gif;jpg;jpeg;jpe;resx;tiff;tif;png;wav;mfcribbon-ms</Extensions>
    </Filter>
    <Filter Include="Source Files\Appliances">
      <UniqueIdentifier>{52c0912e-26b4-4ed1-8c87-1adb538a1d30}</UniqueIdentifier>
    </Filter>
    <Filter Include="Source Files\Store/Warehouse">
      <UniqueIdentifier>{b41ea641-5a16-49d7-8848-6d65cd70c7dc}</UniqueIdentifier>
    </Filter>
    <Filter Include="Header Files\Appliances">
      <UniqueIdentifier>{43ca4069-5437-4bbe-af90-ee352a231a6f}</UniqueIdentifier>
    </Filter>
    <Filter Include="Header Files\Store/Warehouse">
      <UniqueIdentifier>{185808cd-3c70-4d64-951b-5034213fd569}</UniqueIdentifier>
    </Filter>
    <Filter Include="Header Files\Appliances\Components">
      <UniqueIdentifier>{ec4ab6a2-04e9-4eae-8e27-950c6daf1bdf}</UniqueIdentifier>
    </Filter>
    <Filter Include="Source Files\Appliances\Components">
      <UniqueIdentifier>{a759d02f-3d6d-46c1-94a7-7f4cefb72e7e}</UniqueIdentifier>
    </Filter>
  </ItemGroup>
  <ItemGroup>
    <ClCompile Include="KitchenConsole.cpp">
      <Filter>Source Files</Filter>
    </ClCompile>
    <ClCompile Include="CApplianceComponentCasing.cpp">
      <Filter>Source Files\Appliances\Components</Filter>
    </ClCompile>
    <ClCompile Include="CApplianceComponentCooler.cpp">
      <Filter>Source Files\Appliances\Components</Filter>
    </ClCompile>
    <ClCompile Include="CApplianceComponentDoor.cpp">
      <Filter>Source Files\Appliances\Components</Filter>
    </ClCompile>
    <ClCompile Include="CApplianceComponentHeater.cpp">
      <Filter>Source Files\Appliances\Components</Filter>
    </ClCompile>
    <ClCompile Include="CApplianceComponentKeypad.cpp">
      <Filter>Source Files\Appliances\Components</Filter>
    </ClCompile>
    <ClCompile Include="CApplianceComponentTimer.cpp">
      <Filter>Source Files\Appliances\Components</Filter>
    </ClCompile>
    <ClCompile Include="CApplianceComponentTransformer.cpp">
      <Filter>Source Files\Appliances\Components</Filter>
    </ClCompile>
    <ClCompile Include="CApplianceComponentTurntable.cpp">
      <Filter>Source Files\Appliances\Components</Filter>
    </ClCompile>
    <ClCompile Include="CApplianceComponentWithPower.cpp">
      <Filter>Source Files\Appliances\Components</Filter>
    </ClCompile>
    <ClCompile Include="CKitchenApplianceComponent.cpp">
      <Filter>Source Files\Appliances\Components</Filter>
    </ClCompile>
    <ClCompile Include="CKitchenApplianceRefrigerator.cpp">
      <Filter>Source Files\Appliances</Filter>
    </ClCompile>
    <ClCompile Include="CKitchenApplianceMicrowave.cpp">
      <Filter>Source Files\Appliances</Filter>
    </ClCompile>
    <ClCompile Include="CKitchenAppliance.cpp">
      <Filter>Source Files\Appliances</Filter>
    </ClCompile>
    <ClCompile Include="CApplianceStore.cpp">
      <Filter>Source Files\Store/Warehouse</Filter>
    </ClCompile>
    <ClCompile Include="CApplianceWarehouse.cpp">
      <Filter>Source Files\Store/Warehouse</Filter>
    </ClCompile>
    <ClCompile Include="Queue.cpp">
      <Filter>Source Files\Store/Warehouse</Filter>
    </ClCompile>
  </ItemGroup>
  <ItemGroup>
    <ClInclude Include="CApplianceComponentCasing.h">
      <Filter>Header Files\Appliances\Components</Filter>
    </ClInclude>
    <ClInclude Include="CApplianceComponentCooler.h">
      <Filter>Header Files\Appliances\Components</Filter>
    </ClInclude>
    <ClInclude Include="CApplianceComponentDoor.h">
      <Filter>Header Files\Appliances\Components</Filter>
    </ClInclude>
    <ClInclude Include="CApplianceComponentHeater.h">
      <Filter>Header Files\Appliances\Components</Filter>
    </ClInclude>
    <ClInclude Include="CApplianceComponentKeypad.h">
      <Filter>Header Files\Appliances\Components</Filter>
    </ClInclude>
    <ClInclude Include="CApplianceComponentTimer.h">
      <Filter>Header Files\Appliances\Components</Filter>
    </ClInclude>
    <ClInclude Include="CApplianceComponentTransformer.h">
      <Filter>Header Files\Appliances\Components</Filter>
    </ClInclude>
    <ClInclude Include="CApplianceComponentTurntable.h">
      <Filter>Header Files\Appliances\Components</Filter>
    </ClInclude>
    <ClInclude Include="CApplianceComponentWithPower.h">
      <Filter>Header Files\Appliances\Components</Filter>
    </ClInclude>
    <ClInclude Include="CApplianceStore.h">
      <Filter>Header Files\Store/Warehouse</Filter>
    </ClInclude>
    <ClInclude Include="CApplianceWarehouse.h">
      <Filter>Header Files\Store/Warehouse</Filter>
    </ClInclude>
    <ClInclude Include="CKitchenAppliance.h">
      <Filter>Header Files\Appliances</Filter>
    </ClInclude>
    <ClInclude Include="CKitchenApplianceComponent.h">
      <Filter>Header Files\Appliances\Components</Filter>
    </ClInclude>
    <ClInclude Include="CKitchenApplianceRefrigerator.h">
      <Filter>Header Files\Appliances</Filter>
    </ClInclude>
    <ClInclude Include="CKitchenApplianceMicrowave.h">
      <Filter>Header Files\Appliances</Filter>
    </ClInclude>
    <ClInclude Include="Queue.h">
      <Filter>Header Files\Store/Warehouse</Filter>
    </ClInclude>
    <ClInclude Include="IObservable.h">
      <Filter>Header Files\Store/Warehouse</Filter>
    </ClInclude>
    <ClInclude Include="IObserver.h">
      <Filter>Header Files\Store/Warehouse</Filter>
    </ClInclude>
    <ClInclude Include="Structs.h">
      <Filter>Header Files\Store/Warehouse</Filter>
    </ClInclude>
  </ItemGroup>
</Project>